// !$*UTF8*$!
{
	archiveVersion = 1;
	classes = {
	};
	objectVersion = 56;
	objects = {

/* Begin PBXBuildFile section */
		1B801251E63AC7F132C0A5B3 /* Pods_YoDazzleSlotMatrixNo.framework in Frameworks */ = {isa = PBXBuildFile; fileRef = 7F631986CA4358AC63BB0BD3 /* Pods_YoDazzleSlotMatrixNo.framework */; };
		C6B018242C9031B20034613C /* AppDelegate.m in Sources */ = {isa = PBXBuildFile; fileRef = C6B018232C9031B20034613C /* AppDelegate.m */; };
		C6B0182A2C9031B20034613C /* ViewController.m in Sources */ = {isa = PBXBuildFile; fileRef = C6B018292C9031B20034613C /* ViewController.m */; };
		C6B0182D2C9031B20034613C /* Main.storyboard in Resources */ = {isa = PBXBuildFile; fileRef = C6B0182B2C9031B20034613C /* Main.storyboard */; };
		C6B0182F2C9031B50034613C /* Assets.xcassets in Resources */ = {isa = PBXBuildFile; fileRef = C6B0182E2C9031B50034613C /* Assets.xcassets */; };
		C6B018322C9031B50034613C /* LaunchScreen.storyboard in Resources */ = {isa = PBXBuildFile; fileRef = C6B018302C9031B50034613C /* LaunchScreen.storyboard */; };
		C6B018352C9031B50034613C /* main.m in Sources */ = {isa = PBXBuildFile; fileRef = C6B018342C9031B50034613C /* main.m */; };
		C6B0183F2C9031B50034613C /* YoDazzleSlotMatrixNoTests.m in Sources */ = {isa = PBXBuildFile; fileRef = C6B0183E2C9031B50034613C /* YoDazzleSlotMatrixNoTests.m */; };
		C6B018492C9031B50034613C /* YoDazzleSlotMatrixNoUITests.m in Sources */ = {isa = PBXBuildFile; fileRef = C6B018482C9031B50034613C /* YoDazzleSlotMatrixNoUITests.m */; };
		C6B0184B2C9031B50034613C /* YoDazzleSlotMatrixNoUITestsLaunchTests.m in Sources */ = {isa = PBXBuildFile; fileRef = C6B0184A2C9031B50034613C /* YoDazzleSlotMatrixNoUITestsLaunchTests.m */; };
		C6B018592C90329D0034613C /* YoDazzleGetStartViewController.swift in Sources */ = {isa = PBXBuildFile; fileRef = C6B018582C90329D0034613C /* YoDazzleGetStartViewController.swift */; };
		C6B0185B2C9032A60034613C /* YoDazzleHomeViewController.swift in Sources */ = {isa = PBXBuildFile; fileRef = C6B0185A2C9032A60034613C /* YoDazzleHomeViewController.swift */; };
		C6B0185D2C9032B30034613C /* YoDazzleSlotGameViewController.swift in Sources */ = {isa = PBXBuildFile; fileRef = C6B0185C2C9032B30034613C /* YoDazzleSlotGameViewController.swift */; };
		C6B0185F2C9032D50034613C /* YoDazzleViewWallpController.swift in Sources */ = {isa = PBXBuildFile; fileRef = C6B0185E2C9032D50034613C /* YoDazzleViewWallpController.swift */; };
		C6B018622C9032EC0034613C /* View + ToImg.swift in Sources */ = {isa = PBXBuildFile; fileRef = C6B018602C9032EC0034613C /* View + ToImg.swift */; };
		C6B018632C9032EC0034613C /* Corner.swift in Sources */ = {isa = PBXBuildFile; fileRef = C6B018612C9032EC0034613C /* Corner.swift */; };
/* End PBXBuildFile section */

/* Begin PBXContainerItemProxy section */
		C6B0183B2C9031B50034613C /* PBXContainerItemProxy */ = {
			isa = PBXContainerItemProxy;
			containerPortal = C6B018172C9031B20034613C /* Project object */;
			proxyType = 1;
			remoteGlobalIDString = C6B0181E2C9031B20034613C;
			remoteInfo = YoDazzleSlotMatrixNo;
		};
		C6B018452C9031B50034613C /* PBXContainerItemProxy */ = {
			isa = PBXContainerItemProxy;
			containerPortal = C6B018172C9031B20034613C /* Project object */;
			proxyType = 1;
			remoteGlobalIDString = C6B0181E2C9031B20034613C;
			remoteInfo = YoDazzleSlotMatrixNo;
		};
/* End PBXContainerItemProxy section */

/* Begin PBXFileReference section */
		34E2E7022E47CE648680529A /* Pods-YoDazzleSlotMatrixNo.release.xcconfig */ = {isa = PBXFileReference; includeInIndex = 1; lastKnownFileType = text.xcconfig; name = "Pods-YoDazzleSlotMatrixNo.release.xcconfig"; path = "Target Support Files/Pods-YoDazzleSlotMatrixNo/Pods-YoDazzleSlotMatrixNo.release.xcconfig"; sourceTree = "<group>"; };
		7F631986CA4358AC63BB0BD3 /* Pods_YoDazzleSlotMatrixNo.framework */ = {isa = PBXFileReference; explicitFileType = wrapper.framework; includeInIndex = 0; path = Pods_YoDazzleSlotMatrixNo.framework; sourceTree = BUILT_PRODUCTS_DIR; };
		C6B0181F2C9031B20034613C /* YoDazzleSlotMatrixNo.app */ = {isa = PBXFileReference; explicitFileType = wrapper.application; includeInIndex = 0; path = YoDazzleSlotMatrixNo.app; sourceTree = BUILT_PRODUCTS_DIR; };
		C6B018222C9031B20034613C /* AppDelegate.h */ = {isa = PBXFileReference; lastKnownFileType = sourcecode.c.h; path = AppDelegate.h; sourceTree = "<group>"; };
		C6B018232C9031B20034613C /* AppDelegate.m */ = {isa = PBXFileReference; lastKnownFileType = sourcecode.c.objc; path = AppDelegate.m; sourceTree = "<group>"; };
		C6B018282C9031B20034613C /* ViewController.h */ = {isa = PBXFileReference; lastKnownFileType = sourcecode.c.h; path = ViewController.h; sourceTree = "<group>"; };
		C6B018292C9031B20034613C /* ViewController.m */ = {isa = PBXFileReference; lastKnownFileType = sourcecode.c.objc; path = ViewController.m; sourceTree = "<group>"; };
		C6B0182C2C9031B20034613C /* Base */ = {isa = PBXFileReference; lastKnownFileType = file.storyboard; name = Base; path = Base.lproj/Main.storyboard; sourceTree = "<group>"; };
		C6B0182E2C9031B50034613C /* Assets.xcassets */ = {isa = PBXFileReference; lastKnownFileType = folder.assetcatalog; path = Assets.xcassets; sourceTree = "<group>"; };
		C6B018312C9031B50034613C /* Base */ = {isa = PBXFileReference; lastKnownFileType = file.storyboard; name = Base; path = Base.lproj/LaunchScreen.storyboard; sourceTree = "<group>"; };
		C6B018332C9031B50034613C /* Info.plist */ = {isa = PBXFileReference; lastKnownFileType = text.plist.xml; path = Info.plist; sourceTree = "<group>"; };
		C6B018342C9031B50034613C /* main.m */ = {isa = PBXFileReference; lastKnownFileType = sourcecode.c.objc; path = main.m; sourceTree = "<group>"; };
		C6B0183A2C9031B50034613C /* YoDazzleSlotMatrixNoTests.xctest */ = {isa = PBXFileReference; explicitFileType = wrapper.cfbundle; includeInIndex = 0; path = YoDazzleSlotMatrixNoTests.xctest; sourceTree = BUILT_PRODUCTS_DIR; };
		C6B0183E2C9031B50034613C /* YoDazzleSlotMatrixNoTests.m */ = {isa = PBXFileReference; lastKnownFileType = sourcecode.c.objc; path = YoDazzleSlotMatrixNoTests.m; sourceTree = "<group>"; };
		C6B018442C9031B50034613C /* YoDazzleSlotMatrixNoUITests.xctest */ = {isa = PBXFileReference; explicitFileType = wrapper.cfbundle; includeInIndex = 0; path = YoDazzleSlotMatrixNoUITests.xctest; sourceTree = BUILT_PRODUCTS_DIR; };
		C6B018482C9031B50034613C /* YoDazzleSlotMatrixNoUITests.m */ = {isa = PBXFileReference; lastKnownFileType = sourcecode.c.objc; path = YoDazzleSlotMatrixNoUITests.m; sourceTree = "<group>"; };
		C6B0184A2C9031B50034613C /* YoDazzleSlotMatrixNoUITestsLaunchTests.m */ = {isa = PBXFileReference; lastKnownFileType = sourcecode.c.objc; path = YoDazzleSlotMatrixNoUITestsLaunchTests.m; sourceTree = "<group>"; };
		C6B018572C90329C0034613C /* YoDazzleSlotMatrixNo-Bridging-Header.h */ = {isa = PBXFileReference; lastKnownFileType = sourcecode.c.h; path = "YoDazzleSlotMatrixNo-Bridging-Header.h"; sourceTree = "<group>"; };
		C6B018582C90329D0034613C /* YoDazzleGetStartViewController.swift */ = {isa = PBXFileReference; lastKnownFileType = sourcecode.swift; path = YoDazzleGetStartViewController.swift; sourceTree = "<group>"; };
		C6B0185A2C9032A60034613C /* YoDazzleHomeViewController.swift */ = {isa = PBXFileReference; lastKnownFileType = sourcecode.swift; path = YoDazzleHomeViewController.swift; sourceTree = "<group>"; };
		C6B0185C2C9032B30034613C /* YoDazzleSlotGameViewController.swift */ = {isa = PBXFileReference; lastKnownFileType = sourcecode.swift; path = YoDazzleSlotGameViewController.swift; sourceTree = "<group>"; };
		C6B0185E2C9032D50034613C /* YoDazzleViewWallpController.swift */ = {isa = PBXFileReference; lastKnownFileType = sourcecode.swift; path = YoDazzleViewWallpController.swift; sourceTree = "<group>"; };
		C6B018602C9032EC0034613C /* View + ToImg.swift */ = {isa = PBXFileReference; fileEncoding = 4; lastKnownFileType = sourcecode.swift; path = "View + ToImg.swift"; sourceTree = "<group>"; };
		C6B018612C9032EC0034613C /* Corner.swift */ = {isa = PBXFileReference; fileEncoding = 4; lastKnownFileType = sourcecode.swift; path = Corner.swift; sourceTree = "<group>"; };
		FAAD52DAAAB1E59E52D20999 /* Pods-YoDazzleSlotMatrixNo.debug.xcconfig */ = {isa = PBXFileReference; includeInIndex = 1; lastKnownFileType = text.xcconfig; name = "Pods-YoDazzleSlotMatrixNo.debug.xcconfig"; path = "Target Support Files/Pods-YoDazzleSlotMatrixNo/Pods-YoDazzleSlotMatrixNo.debug.xcconfig"; sourceTree = "<group>"; };
/* End PBXFileReference section */

/* Begin PBXFrameworksBuildPhase section */
		C6B0181C2C9031B20034613C /* Frameworks */ = {
			isa = PBXFrameworksBuildPhase;
			buildActionMask = 2147483647;
			files = (
				1B801251E63AC7F132C0A5B3 /* Pods_YoDazzleSlotMatrixNo.framework in Frameworks */,
			);
			runOnlyForDeploymentPostprocessing = 0;
		};
		C6B018372C9031B50034613C /* Frameworks */ = {
			isa = PBXFrameworksBuildPhase;
			buildActionMask = 2147483647;
			files = (
			);
			runOnlyForDeploymentPostprocessing = 0;
		};
		C6B018412C9031B50034613C /* Frameworks */ = {
			isa = PBXFrameworksBuildPhase;
			buildActionMask = 2147483647;
			files = (
			);
			runOnlyForDeploymentPostprocessing = 0;
		};
/* End PBXFrameworksBuildPhase section */

/* Begin PBXGroup section */
		5A78B392540F70741A0C8F11 /* Pods */ = {
			isa = PBXGroup;
			children = (
				FAAD52DAAAB1E59E52D20999 /* Pods-YoDazzleSlotMatrixNo.debug.xcconfig */,
				34E2E7022E47CE648680529A /* Pods-YoDazzleSlotMatrixNo.release.xcconfig */,
			);
			path = Pods;
			sourceTree = "<group>";
		};
		C6B018162C9031B20034613C = {
			isa = PBXGroup;
			children = (
				C6B018212C9031B20034613C /* YoDazzleSlotMatrixNo */,
				C6B0183D2C9031B50034613C /* YoDazzleSlotMatrixNoTests */,
				C6B018472C9031B50034613C /* YoDazzleSlotMatrixNoUITests */,
				C6B018202C9031B20034613C /* Products */,
				5A78B392540F70741A0C8F11 /* Pods */,
				F3EF27E3EFDAA397E00ABE5C /* Frameworks */,
			);
			sourceTree = "<group>";
		};
		C6B018202C9031B20034613C /* Products */ = {
			isa = PBXGroup;
			children = (
				C6B0181F2C9031B20034613C /* YoDazzleSlotMatrixNo.app */,
				C6B0183A2C9031B50034613C /* YoDazzleSlotMatrixNoTests.xctest */,
				C6B018442C9031B50034613C /* YoDazzleSlotMatrixNoUITests.xctest */,
			);
			name = Products;
			sourceTree = "<group>";
		};
		C6B018212C9031B20034613C /* YoDazzleSlotMatrixNo */ = {
			isa = PBXGroup;
			children = (
				C6B018612C9032EC0034613C /* Corner.swift */,
				C6B018602C9032EC0034613C /* View + ToImg.swift */,
				C6B018222C9031B20034613C /* AppDelegate.h */,
				C6B018232C9031B20034613C /* AppDelegate.m */,
				C6B018282C9031B20034613C /* ViewController.h */,
				C6B018292C9031B20034613C /* ViewController.m */,
				C6B0182B2C9031B20034613C /* Main.storyboard */,
				C6B0182E2C9031B50034613C /* Assets.xcassets */,
				C6B018302C9031B50034613C /* LaunchScreen.storyboard */,
				C6B018332C9031B50034613C /* Info.plist */,
				C6B018342C9031B50034613C /* main.m */,
				C6B018582C90329D0034613C /* YoDazzleGetStartViewController.swift */,
				C6B0185A2C9032A60034613C /* YoDazzleHomeViewController.swift */,
				C6B0185C2C9032B30034613C /* YoDazzleSlotGameViewController.swift */,
				C6B0185E2C9032D50034613C /* YoDazzleViewWallpController.swift */,
				C6B018572C90329C0034613C /* YoDazzleSlotMatrixNo-Bridging-Header.h */,
			);
			path = YoDazzleSlotMatrixNo;
			sourceTree = "<group>";
		};
		C6B0183D2C9031B50034613C /* YoDazzleSlotMatrixNoTests */ = {
			isa = PBXGroup;
			children = (
				C6B0183E2C9031B50034613C /* YoDazzleSlotMatrixNoTests.m */,
			);
			path = YoDazzleSlotMatrixNoTests;
			sourceTree = "<group>";
		};
		C6B018472C9031B50034613C /* YoDazzleSlotMatrixNoUITests */ = {
			isa = PBXGroup;
			children = (
				C6B018482C9031B50034613C /* YoDazzleSlotMatrixNoUITests.m */,
				C6B0184A2C9031B50034613C /* YoDazzleSlotMatrixNoUITestsLaunchTests.m */,
			);
			path = YoDazzleSlotMatrixNoUITests;
			sourceTree = "<group>";
		};
		F3EF27E3EFDAA397E00ABE5C /* Frameworks */ = {
			isa = PBXGroup;
			children = (
				7F631986CA4358AC63BB0BD3 /* Pods_YoDazzleSlotMatrixNo.framework */,
			);
			name = Frameworks;
			sourceTree = "<group>";
		};
/* End PBXGroup section */

/* Begin PBXNativeTarget section */
		C6B0181E2C9031B20034613C /* YoDazzleSlotMatrixNo */ = {
			isa = PBXNativeTarget;
			buildConfigurationList = C6B0184E2C9031B50034613C /* Build configuration list for PBXNativeTarget "YoDazzleSlotMatrixNo" */;
			buildPhases = (
				881148C85DC2D7DA731A8ADE /* [CP] Check Pods Manifest.lock */,
				C6B0181B2C9031B20034613C /* Sources */,
				C6B0181C2C9031B20034613C /* Frameworks */,
				C6B0181D2C9031B20034613C /* Resources */,
				5B5620ADD45A73913984F547 /* [CP] Embed Pods Frameworks */,
			);
			buildRules = (
			);
			dependencies = (
			);
			name = YoDazzleSlotMatrixNo;
			productName = YoDazzleSlotMatrixNo;
			productReference = C6B0181F2C9031B20034613C /* YoDazzleSlotMatrixNo.app */;
			productType = "com.apple.product-type.application";
		};
		C6B018392C9031B50034613C /* YoDazzleSlotMatrixNoTests */ = {
			isa = PBXNativeTarget;
			buildConfigurationList = C6B018512C9031B50034613C /* Build configuration list for PBXNativeTarget "YoDazzleSlotMatrixNoTests" */;
			buildPhases = (
				C6B018362C9031B50034613C /* Sources */,
				C6B018372C9031B50034613C /* Frameworks */,
				C6B018382C9031B50034613C /* Resources */,
			);
			buildRules = (
			);
			dependencies = (
				C6B0183C2C9031B50034613C /* PBXTargetDependency */,
			);
			name = YoDazzleSlotMatrixNoTests;
			productName = YoDazzleSlotMatrixNoTests;
			productReference = C6B0183A2C9031B50034613C /* YoDazzleSlotMatrixNoTests.xctest */;
			productType = "com.apple.product-type.bundle.unit-test";
		};
		C6B018432C9031B50034613C /* YoDazzleSlotMatrixNoUITests */ = {
			isa = PBXNativeTarget;
			buildConfigurationList = C6B018542C9031B50034613C /* Build configuration list for PBXNativeTarget "YoDazzleSlotMatrixNoUITests" */;
			buildPhases = (
				C6B018402C9031B50034613C /* Sources */,
				C6B018412C9031B50034613C /* Frameworks */,
				C6B018422C9031B50034613C /* Resources */,
			);
			buildRules = (
			);
			dependencies = (
				C6B018462C9031B50034613C /* PBXTargetDependency */,
			);
			name = YoDazzleSlotMatrixNoUITests;
			productName = YoDazzleSlotMatrixNoUITests;
			productReference = C6B018442C9031B50034613C /* YoDazzleSlotMatrixNoUITests.xctest */;
			productType = "com.apple.product-type.bundle.ui-testing";
		};
/* End PBXNativeTarget section */

/* Begin PBXProject section */
		C6B018172C9031B20034613C /* Project object */ = {
			isa = PBXProject;
			attributes = {
				BuildIndependentTargetsInParallel = 1;
				LastUpgradeCheck = 1520;
				TargetAttributes = {
					C6B0181E2C9031B20034613C = {
						CreatedOnToolsVersion = 15.2;
						LastSwiftMigration = 1520;
					};
					C6B018392C9031B50034613C = {
						CreatedOnToolsVersion = 15.2;
						TestTargetID = C6B0181E2C9031B20034613C;
					};
					C6B018432C9031B50034613C = {
						CreatedOnToolsVersion = 15.2;
						TestTargetID = C6B0181E2C9031B20034613C;
					};
				};
			};
			buildConfigurationList = C6B0181A2C9031B20034613C /* Build configuration list for PBXProject "YoDazzleSlotMatrixNo" */;
			compatibilityVersion = "Xcode 14.0";
			developmentRegion = en;
			hasScannedForEncodings = 0;
			knownRegions = (
				en,
				Base,
			);
			mainGroup = C6B018162C9031B20034613C;
			productRefGroup = C6B018202C9031B20034613C /* Products */;
			projectDirPath = "";
			projectRoot = "";
			targets = (
				C6B0181E2C9031B20034613C /* YoDazzleSlotMatrixNo */,
				C6B018392C9031B50034613C /* YoDazzleSlotMatrixNoTests */,
				C6B018432C9031B50034613C /* YoDazzleSlotMatrixNoUITests */,
			);
		};
/* End PBXProject section */

/* Begin PBXResourcesBuildPhase section */
		C6B0181D2C9031B20034613C /* Resources */ = {
			isa = PBXResourcesBuildPhase;
			buildActionMask = 2147483647;
			files = (
				C6B018322C9031B50034613C /* LaunchScreen.storyboard in Resources */,
				C6B0182F2C9031B50034613C /* Assets.xcassets in Resources */,
				C6B0182D2C9031B20034613C /* Main.storyboard in Resources */,
			);
			runOnlyForDeploymentPostprocessing = 0;
		};
		C6B018382C9031B50034613C /* Resources */ = {
			isa = PBXResourcesBuildPhase;
			buildActionMask = 2147483647;
			files = (
			);
			runOnlyForDeploymentPostprocessing = 0;
		};
		C6B018422C9031B50034613C /* Resources */ = {
			isa = PBXResourcesBuildPhase;
			buildActionMask = 2147483647;
			files = (
			);
			runOnlyForDeploymentPostprocessing = 0;
		};
/* End PBXResourcesBuildPhase section */

/* Begin PBXShellScriptBuildPhase section */
		5B5620ADD45A73913984F547 /* [CP] Embed Pods Frameworks */ = {
			isa = PBXShellScriptBuildPhase;
			buildActionMask = 2147483647;
			files = (
			);
			inputFileListPaths = (
				"${PODS_ROOT}/Target Support Files/Pods-YoDazzleSlotMatrixNo/Pods-YoDazzleSlotMatrixNo-frameworks-${CONFIGURATION}-input-files.xcfilelist",
			);
			name = "[CP] Embed Pods Frameworks";
			outputFileListPaths = (
				"${PODS_ROOT}/Target Support Files/Pods-YoDazzleSlotMatrixNo/Pods-YoDazzleSlotMatrixNo-frameworks-${CONFIGURATION}-output-files.xcfilelist",
			);
			runOnlyForDeploymentPostprocessing = 0;
			shellPath = /bin/sh;
			shellScript = "\"${PODS_ROOT}/Target Support Files/Pods-YoDazzleSlotMatrixNo/Pods-YoDazzleSlotMatrixNo-frameworks.sh\"\n";
			showEnvVarsInLog = 0;
		};
		881148C85DC2D7DA731A8ADE /* [CP] Check Pods Manifest.lock */ = {
			isa = PBXShellScriptBuildPhase;
			buildActionMask = 2147483647;
			files = (
			);
			inputFileListPaths = (
			);
			inputPaths = (
				"${PODS_PODFILE_DIR_PATH}/Podfile.lock",
				"${PODS_ROOT}/Manifest.lock",
			);
			name = "[CP] Check Pods Manifest.lock";
			outputFileListPaths = (
			);
			outputPaths = (
				"$(DERIVED_FILE_DIR)/Pods-YoDazzleSlotMatrixNo-checkManifestLockResult.txt",
			);
			runOnlyForDeploymentPostprocessing = 0;
			shellPath = /bin/sh;
			shellScript = "diff \"${PODS_PODFILE_DIR_PATH}/Podfile.lock\" \"${PODS_ROOT}/Manifest.lock\" > /dev/null\nif [ $? != 0 ] ; then\n    # print error to STDERR\n    echo \"error: The sandbox is not in sync with the Podfile.lock. Run 'pod install' or update your CocoaPods installation.\" >&2\n    exit 1\nfi\n# This output is used by Xcode 'outputs' to avoid re-running this script phase.\necho \"SUCCESS\" > \"${SCRIPT_OUTPUT_FILE_0}\"\n";
			showEnvVarsInLog = 0;
		};
/* End PBXShellScriptBuildPhase section */

/* Begin PBXSourcesBuildPhase section */
		C6B0181B2C9031B20034613C /* Sources */ = {
			isa = PBXSourcesBuildPhase;
			buildActionMask = 2147483647;
			files = (
				C6B0185F2C9032D50034613C /* YoDazzleViewWallpController.swift in Sources */,
				C6B018632C9032EC0034613C /* Corner.swift in Sources */,
				C6B0182A2C9031B20034613C /* ViewController.m in Sources */,
				C6B0185B2C9032A60034613C /* YoDazzleHomeViewController.swift in Sources */,
				C6B018622C9032EC0034613C /* View + ToImg.swift in Sources */,
				C6B018242C9031B20034613C /* AppDelegate.m in Sources */,
				C6B018592C90329D0034613C /* YoDazzleGetStartViewController.swift in Sources */,
				C6B0185D2C9032B30034613C /* YoDazzleSlotGameViewController.swift in Sources */,
				C6B018352C9031B50034613C /* main.m in Sources */,
			);
			runOnlyForDeploymentPostprocessing = 0;
		};
		C6B018362C9031B50034613C /* Sources */ = {
			isa = PBXSourcesBuildPhase;
			buildActionMask = 2147483647;
			files = (
				C6B0183F2C9031B50034613C /* YoDazzleSlotMatrixNoTests.m in Sources */,
			);
			runOnlyForDeploymentPostprocessing = 0;
		};
		C6B018402C9031B50034613C /* Sources */ = {
			isa = PBXSourcesBuildPhase;
			buildActionMask = 2147483647;
			files = (
				C6B0184B2C9031B50034613C /* YoDazzleSlotMatrixNoUITestsLaunchTests.m in Sources */,
				C6B018492C9031B50034613C /* YoDazzleSlotMatrixNoUITests.m in Sources */,
			);
			runOnlyForDeploymentPostprocessing = 0;
		};
/* End PBXSourcesBuildPhase section */

/* Begin PBXTargetDependency section */
		C6B0183C2C9031B50034613C /* PBXTargetDependency */ = {
			isa = PBXTargetDependency;
			target = C6B0181E2C9031B20034613C /* YoDazzleSlotMatrixNo */;
			targetProxy = C6B0183B2C9031B50034613C /* PBXContainerItemProxy */;
		};
		C6B018462C9031B50034613C /* PBXTargetDependency */ = {
			isa = PBXTargetDependency;
			target = C6B0181E2C9031B20034613C /* YoDazzleSlotMatrixNo */;
			targetProxy = C6B018452C9031B50034613C /* PBXContainerItemProxy */;
		};
/* End PBXTargetDependency section */

/* Begin PBXVariantGroup section */
		C6B0182B2C9031B20034613C /* Main.storyboard */ = {
			isa = PBXVariantGroup;
			children = (
				C6B0182C2C9031B20034613C /* Base */,
			);
			name = Main.storyboard;
			sourceTree = "<group>";
		};
		C6B018302C9031B50034613C /* LaunchScreen.storyboard */ = {
			isa = PBXVariantGroup;
			children = (
				C6B018312C9031B50034613C /* Base */,
			);
			name = LaunchScreen.storyboard;
			sourceTree = "<group>";
		};
/* End PBXVariantGroup section */

/* Begin XCBuildConfiguration section */
		C6B0184C2C9031B50034613C /* Debug */ = {
			isa = XCBuildConfiguration;
			buildSettings = {
				ALWAYS_SEARCH_USER_PATHS = NO;
				ASSETCATALOG_COMPILER_GENERATE_SWIFT_ASSET_SYMBOL_EXTENSIONS = YES;
				CLANG_ANALYZER_NONNULL = YES;
				CLANG_ANALYZER_NUMBER_OBJECT_CONVERSION = YES_AGGRESSIVE;
				CLANG_CXX_LANGUAGE_STANDARD = "gnu++20";
				CLANG_ENABLE_MODULES = YES;
				CLANG_ENABLE_OBJC_ARC = YES;
				CLANG_ENABLE_OBJC_WEAK = YES;
				CLANG_WARN_BLOCK_CAPTURE_AUTORELEASING = YES;
				CLANG_WARN_BOOL_CONVERSION = YES;
				CLANG_WARN_COMMA = YES;
				CLANG_WARN_CONSTANT_CONVERSION = YES;
				CLANG_WARN_DEPRECATED_OBJC_IMPLEMENTATIONS = YES;
				CLANG_WARN_DIRECT_OBJC_ISA_USAGE = YES_ERROR;
				CLANG_WARN_DOCUMENTATION_COMMENTS = YES;
				CLANG_WARN_EMPTY_BODY = YES;
				CLANG_WARN_ENUM_CONVERSION = YES;
				CLANG_WARN_INFINITE_RECURSION = YES;
				CLANG_WARN_INT_CONVERSION = YES;
				CLANG_WARN_NON_LITERAL_NULL_CONVERSION = YES;
				CLANG_WARN_OBJC_IMPLICIT_RETAIN_SELF = YES;
				CLANG_WARN_OBJC_LITERAL_CONVERSION = YES;
				CLANG_WARN_OBJC_ROOT_CLASS = YES_ERROR;
				CLANG_WARN_QUOTED_INCLUDE_IN_FRAMEWORK_HEADER = YES;
				CLANG_WARN_RANGE_LOOP_ANALYSIS = YES;
				CLANG_WARN_STRICT_PROTOTYPES = YES;
				CLANG_WARN_SUSPICIOUS_MOVE = YES;
				CLANG_WARN_UNGUARDED_AVAILABILITY = YES_AGGRESSIVE;
				CLANG_WARN_UNREACHABLE_CODE = YES;
				CLANG_WARN__DUPLICATE_METHOD_MATCH = YES;
				COPY_PHASE_STRIP = NO;
				DEBUG_INFORMATION_FORMAT = dwarf;
				ENABLE_STRICT_OBJC_MSGSEND = YES;
				ENABLE_TESTABILITY = YES;
				ENABLE_USER_SCRIPT_SANDBOXING = YES;
				GCC_C_LANGUAGE_STANDARD = gnu17;
				GCC_DYNAMIC_NO_PIC = NO;
				GCC_NO_COMMON_BLOCKS = YES;
				GCC_OPTIMIZATION_LEVEL = 0;
				GCC_PREPROCESSOR_DEFINITIONS = (
					"DEBUG=1",
					"$(inherited)",
				);
				GCC_WARN_64_TO_32_BIT_CONVERSION = YES;
				GCC_WARN_ABOUT_RETURN_TYPE = YES_ERROR;
				GCC_WARN_UNDECLARED_SELECTOR = YES;
				GCC_WARN_UNINITIALIZED_AUTOS = YES_AGGRESSIVE;
				GCC_WARN_UNUSED_FUNCTION = YES;
				GCC_WARN_UNUSED_VARIABLE = YES;
				IPHONEOS_DEPLOYMENT_TARGET = 17.2;
				LOCALIZATION_PREFERS_STRING_CATALOGS = YES;
				MTL_ENABLE_DEBUG_INFO = INCLUDE_SOURCE;
				MTL_FAST_MATH = YES;
				ONLY_ACTIVE_ARCH = YES;
				SDKROOT = iphoneos;
			};
			name = Debug;
		};
		C6B0184D2C9031B50034613C /* Release */ = {
			isa = XCBuildConfiguration;
			buildSettings = {
				ALWAYS_SEARCH_USER_PATHS = NO;
				ASSETCATALOG_COMPILER_GENERATE_SWIFT_ASSET_SYMBOL_EXTENSIONS = YES;
				CLANG_ANALYZER_NONNULL = YES;
				CLANG_ANALYZER_NUMBER_OBJECT_CONVERSION = YES_AGGRESSIVE;
				CLANG_CXX_LANGUAGE_STANDARD = "gnu++20";
				CLANG_ENABLE_MODULES = YES;
				CLANG_ENABLE_OBJC_ARC = YES;
				CLANG_ENABLE_OBJC_WEAK = YES;
				CLANG_WARN_BLOCK_CAPTURE_AUTORELEASING = YES;
				CLANG_WARN_BOOL_CONVERSION = YES;
				CLANG_WARN_COMMA = YES;
				CLANG_WARN_CONSTANT_CONVERSION = YES;
				CLANG_WARN_DEPRECATED_OBJC_IMPLEMENTATIONS = YES;
				CLANG_WARN_DIRECT_OBJC_ISA_USAGE = YES_ERROR;
				CLANG_WARN_DOCUMENTATION_COMMENTS = YES;
				CLANG_WARN_EMPTY_BODY = YES;
				CLANG_WARN_ENUM_CONVERSION = YES;
				CLANG_WARN_INFINITE_RECURSION = YES;
				CLANG_WARN_INT_CONVERSION = YES;
				CLANG_WARN_NON_LITERAL_NULL_CONVERSION = YES;
				CLANG_WARN_OBJC_IMPLICIT_RETAIN_SELF = YES;
				CLANG_WARN_OBJC_LITERAL_CONVERSION = YES;
				CLANG_WARN_OBJC_ROOT_CLASS = YES_ERROR;
				CLANG_WARN_QUOTED_INCLUDE_IN_FRAMEWORK_HEADER = YES;
				CLANG_WARN_RANGE_LOOP_ANALYSIS = YES;
				CLANG_WARN_STRICT_PROTOTYPES = YES;
				CLANG_WARN_SUSPICIOUS_MOVE = YES;
				CLANG_WARN_UNGUARDED_AVAILABILITY = YES_AGGRESSIVE;
				CLANG_WARN_UNREACHABLE_CODE = YES;
				CLANG_WARN__DUPLICATE_METHOD_MATCH = YES;
				COPY_PHASE_STRIP = NO;
				DEBUG_INFORMATION_FORMAT = "dwarf-with-dsym";
				ENABLE_NS_ASSERTIONS = NO;
				ENABLE_STRICT_OBJC_MSGSEND = YES;
				ENABLE_USER_SCRIPT_SANDBOXING = YES;
				GCC_C_LANGUAGE_STANDARD = gnu17;
				GCC_NO_COMMON_BLOCKS = YES;
				GCC_WARN_64_TO_32_BIT_CONVERSION = YES;
				GCC_WARN_ABOUT_RETURN_TYPE = YES_ERROR;
				GCC_WARN_UNDECLARED_SELECTOR = YES;
				GCC_WARN_UNINITIALIZED_AUTOS = YES_AGGRESSIVE;
				GCC_WARN_UNUSED_FUNCTION = YES;
				GCC_WARN_UNUSED_VARIABLE = YES;
				IPHONEOS_DEPLOYMENT_TARGET = 17.2;
				LOCALIZATION_PREFERS_STRING_CATALOGS = YES;
				MTL_ENABLE_DEBUG_INFO = NO;
				MTL_FAST_MATH = YES;
				SDKROOT = iphoneos;
				VALIDATE_PRODUCT = YES;
			};
			name = Release;
		};
		C6B0184F2C9031B50034613C /* Debug */ = {
			isa = XCBuildConfiguration;
			baseConfigurationReference = FAAD52DAAAB1E59E52D20999 /* Pods-YoDazzleSlotMatrixNo.debug.xcconfig */;
			buildSettings = {
				ASSETCATALOG_COMPILER_APPICON_NAME = AppIcon;
				ASSETCATALOG_COMPILER_GLOBAL_ACCENT_COLOR_NAME = AccentColor;
				CLANG_ENABLE_MODULES = YES;
				CODE_SIGN_STYLE = Manual;
				CURRENT_PROJECT_VERSION = 1;
				DEVELOPMENT_TEAM = "";
				ENABLE_USER_SCRIPT_SANDBOXING = NO;
				GENERATE_INFOPLIST_FILE = YES;
				INFOPLIST_FILE = YoDazzleSlotMatrixNo/Info.plist;
				INFOPLIST_KEY_CFBundleDisplayName = "Yo Dazzle Slot Matrix No";
				INFOPLIST_KEY_UIApplicationSupportsIndirectInputEvents = YES;
				INFOPLIST_KEY_UILaunchStoryboardName = LaunchScreen;
				INFOPLIST_KEY_UIMainStoryboardFile = Main;
				INFOPLIST_KEY_UISupportedInterfaceOrientations = "UIInterfaceOrientationLandscapeLeft UIInterfaceOrientationLandscapeRight";
				INFOPLIST_KEY_UISupportedInterfaceOrientations_iPad = "UIInterfaceOrientationLandscapeLeft UIInterfaceOrientationLandscapeRight UIInterfaceOrientationPortrait UIInterfaceOrientationPortraitUpsideDown";
				IPHONEOS_DEPLOYMENT_TARGET = 14.0;
				LD_RUNPATH_SEARCH_PATHS = (
					"$(inherited)",
					"@executable_path/Frameworks",
				);
				MARKETING_VERSION = 1.0;
				PRODUCT_BUNDLE_IDENTIFIER = com.YoDazzle.YoDazzleSlotMatrixNo;
				PRODUCT_NAME = "$(TARGET_NAME)";
				PROVISIONING_PROFILE_SPECIFIER = "";
				SUPPORTED_PLATFORMS = "iphoneos iphonesimulator";
				SUPPORTS_MACCATALYST = NO;
				SUPPORTS_MAC_DESIGNED_FOR_IPHONE_IPAD = NO;
				SWIFT_EMIT_LOC_STRINGS = YES;
				SWIFT_OBJC_BRIDGING_HEADER = "YoDazzleSlotMatrixNo/YoDazzleSlotMatrixNo-Bridging-Header.h";
				SWIFT_OPTIMIZATION_LEVEL = "-Onone";
				SWIFT_VERSION = 5.0;
				TARGETED_DEVICE_FAMILY = 1;
			};
			name = Debug;
		};
		C6B018502C9031B50034613C /* Release */ = {
			isa = XCBuildConfiguration;
			baseConfigurationReference = 34E2E7022E47CE648680529A /* Pods-YoDazzleSlotMatrixNo.release.xcconfig */;
			buildSettings = {
				ASSETCATALOG_COMPILER_APPICON_NAME = AppIcon;
				ASSETCATALOG_COMPILER_GLOBAL_ACCENT_COLOR_NAME = AccentColor;
				CLANG_ENABLE_MODULES = YES;
				CODE_SIGN_STYLE = Manual;
				CURRENT_PROJECT_VERSION = 1;
				DEVELOPMENT_TEAM = "";
				ENABLE_USER_SCRIPT_SANDBOXING = NO;
				GENERATE_INFOPLIST_FILE = YES;
				INFOPLIST_FILE = YoDazzleSlotMatrixNo/Info.plist;
				INFOPLIST_KEY_CFBundleDisplayName = "Yo Dazzle Slot Matrix No";
				INFOPLIST_KEY_UIApplicationSupportsIndirectInputEvents = YES;
				INFOPLIST_KEY_UILaunchStoryboardName = LaunchScreen;
				INFOPLIST_KEY_UIMainStoryboardFile = Main;
				INFOPLIST_KEY_UISupportedInterfaceOrientations = "UIInterfaceOrientationLandscapeLeft UIInterfaceOrientationLandscapeRight";
				INFOPLIST_KEY_UISupportedInterfaceOrientations_iPad = "UIInterfaceOrientationLandscapeLeft UIInterfaceOrientationLandscapeRight UIInterfaceOrientationPortrait UIInterfaceOrientationPortraitUpsideDown";
				IPHONEOS_DEPLOYMENT_TARGET = 14.0;
				LD_RUNPATH_SEARCH_PATHS = (
					"$(inherited)",
					"@executable_path/Frameworks",
				);
				MARKETING_VERSION = 1.0;
				PRODUCT_BUNDLE_IDENTIFIER = com.YoDazzle.YoDazzleSlotMatrixNo;
				PRODUCT_NAME = "$(TARGET_NAME)";
				PROVISIONING_PROFILE_SPECIFIER = "";
				SUPPORTED_PLATFORMS = "iphoneos iphonesimulator";
				SUPPORTS_MACCATALYST = NO;
				SUPPORTS_MAC_DESIGNED_FOR_IPHONE_IPAD = NO;
				SWIFT_EMIT_LOC_STRINGS = YES;
				SWIFT_OBJC_BRIDGING_HEADER = "YoDazzleSlotMatrixNo/YoDazzleSlotMatrixNo-Bridging-Header.h";
				SWIFT_VERSION = 5.0;
				TARGETED_DEVICE_FAMILY = 1;
			};
			name = Release;
		};
		C6B018522C9031B50034613C /* Debug */ = {
			isa = XCBuildConfiguration;
			buildSettings = {
				ALWAYS_EMBED_SWIFT_STANDARD_LIBRARIES = YES;
				BUNDLE_LOADER = "$(TEST_HOST)";
				CODE_SIGN_STYLE = Automatic;
				CURRENT_PROJECT_VERSION = 1;
				GENERATE_INFOPLIST_FILE = YES;
				IPHONEOS_DEPLOYMENT_TARGET = 17.2;
				MARKETING_VERSION = 1.0;
				PRODUCT_BUNDLE_IDENTIFIER = com.YoDazzle.YoDazzleSlotMatrixNoTests;
				PRODUCT_NAME = "$(TARGET_NAME)";
				SWIFT_EMIT_LOC_STRINGS = NO;
				TARGETED_DEVICE_FAMILY = "1,2";
				TEST_HOST = "$(BUILT_PRODUCTS_DIR)/YoDazzleSlotMatrixNo.app/$(BUNDLE_EXECUTABLE_FOLDER_PATH)/YoDazzleSlotMatrixNo";
			};
			name = Debug;
		};
		C6B018532C9031B50034613C /* Release */ = {
			isa = XCBuildConfiguration;
			buildSettings = {
				ALWAYS_EMBED_SWIFT_STANDARD_LIBRARIES = YES;
				BUNDLE_LOADER = "$(TEST_HOST)";
				CODE_SIGN_STYLE = Automatic;
				CURRENT_PROJECT_VERSION = 1;
				GENERATE_INFOPLIST_FILE = YES;
				IPHONEOS_DEPLOYMENT_TARGET = 17.2;
				MARKETING_VERSION = 1.0;
				PRODUCT_BUNDLE_IDENTIFIER = com.YoDazzle.YoDazzleSlotMatrixNoTests;
				PRODUCT_NAME = "$(TARGET_NAME)";
				SWIFT_EMIT_LOC_STRINGS = NO;
				TARGETED_DEVICE_FAMILY = "1,2";
				TEST_HOST = "$(BUILT_PRODUCTS_DIR)/YoDazzleSlotMatrixNo.app/$(BUNDLE_EXECUTABLE_FOLDER_PATH)/YoDazzleSlotMatrixNo";
			};
			name = Release;
		};
		C6B018552C9031B50034613C /* Debug */ = {
			isa = XCBuildConfiguration;
			buildSettings = {
				ALWAYS_EMBED_SWIFT_STANDARD_LIBRARIES = YES;
				CODE_SIGN_STYLE = Automatic;
				CURRENT_PROJECT_VERSION = 1;
				GENERATE_INFOPLIST_FILE = YES;
				MARKETING_VERSION = 1.0;
				PRODUCT_BUNDLE_IDENTIFIER = com.YoDazzle.YoDazzleSlotMatrixNoUITests;
				PRODUCT_NAME = "$(TARGET_NAME)";
				SWIFT_EMIT_LOC_STRINGS = NO;
				TARGETED_DEVICE_FAMILY = "1,2";
				TEST_TARGET_NAME = YoDazzleSlotMatrixNo;
			};
			name = Debug;
		};
		C6B018562C9031B50034613C /* Release */ = {
			isa = XCBuildConfiguration;
			buildSettings = {
				ALWAYS_EMBED_SWIFT_STANDARD_LIBRARIES = YES;
				CODE_SIGN_STYLE = Automatic;
				CURRENT_PROJECT_VERSION = 1;
				GENERATE_INFOPLIST_FILE = YES;
				MARKETING_VERSION = 1.0;
				PRODUCT_BUNDLE_IDENTIFIER = com.YoDazzle.YoDazzleSlotMatrixNoUITests;
				PRODUCT_NAME = "$(TARGET_NAME)";
				SWIFT_EMIT_LOC_STRINGS = NO;
				TARGETED_DEVICE_FAMILY = "1,2";
				TEST_TARGET_NAME = YoDazzleSlotMatrixNo;
			};
			name = Release;
		};
/* End XCBuildConfiguration section */

/* Begin XCConfigurationList section */
		C6B0181A2C9031B20034613C /* Build configuration list for PBXProject "YoDazzleSlotMatrixNo" */ = {
			isa = XCConfigurationList;
			buildConfigurations = (
				C6B0184C2C9031B50034613C /* Debug */,
				C6B0184D2C9031B50034613C /* Release */,
			);
			defaultConfigurationIsVisible = 0;
			defaultConfigurationName = Release;
		};
		C6B0184E2C9031B50034613C /* Build configuration list for PBXNativeTarget "YoDazzleSlotMatrixNo" */ = {
			isa = XCConfigurationList;
			buildConfigurations = (
				C6B0184F2C9031B50034613C /* Debug */,
				C6B018502C9031B50034613C /* Release */,
			);
			defaultConfigurationIsVisible = 0;
			defaultConfigurationName = Release;
		};
		C6B018512C9031B50034613C /* Build configuration list for PBXNativeTarget "YoDazzleSlotMatrixNoTests" */ = {
			isa = XCConfigurationList;
			buildConfigurations = (
				C6B018522C9031B50034613C /* Debug */,
				C6B018532C9031B50034613C /* Release */,
			);
			defaultConfigurationIsVisible = 0;
			defaultConfigurationName = Release;
		};
		C6B018542C9031B50034613C /* Build configuration list for PBXNativeTarget "YoDazzleSlotMatrixNoUITests" */ = {
			isa = XCConfigurationList;
			buildConfigurations = (
				C6B018552C9031B50034613C /* Debug */,
				C6B018562C9031B50034613C /* Release */,
			);
			defaultConfigurationIsVisible = 0;
			defaultConfigurationName = Release;
		};
/* End XCConfigurationList section */
	};
	rootObject = C6B018172C9031B20034613C /* Project object */;
}
