PODS:
  - AppsFlyerFramework (6.14.5):
    - AppsFlyerFramework/Main (= 6.14.5)
  - AppsFlyerFramework/Main (6.14.5)

DEPENDENCIES:
  - AppsFlyerFramework

SPEC REPOS:
  trunk:
    - AppsFlyerFramework

SPEC CHECKSUMS:
  AppsFlyerFramework: 6bd90198428b9646a5653f8e0f19de529788b70e

PODFILE CHECKSUM: 3c3a9cde74e5862f571b7cc624d85b5a89501dd9

COCOAPODS: 1.15.2
